{
    "_meta": {
        "hash": {
            "sha256": "4ca50ab9884ea1adc760951982ecfb2a97b5e05f285b499c643ed115c06d576c"
        },
        "pipfile-spec": 6,
        "requires": {
            "python_version": "3.8"
        },
        "sources": [
            {
                "name": "pypi",
                "url": "https://pypi.org/simple",
                "verify_ssl": true
            }
        ]
    },
    "default": {},
    "develop": {
        "attrs": {
            "hashes": [
                "sha256:31b2eced602aa8423c2aea9c76a724617ed67cf9513173fd3a4f03e3a929c7e6",
                "sha256:832aa3cde19744e49938b91fea06d69ecb9e649c93ba974535d08ad92164f700"
            ],
            "version": "==20.3.0"
        },
        "aws-cdk.assets": {
            "hashes": [
                "sha256:7fbe0ce580363c54d385fa15225affc5a715b3a98973dcf1aa0f536a83153e85",
                "sha256:8e313e99a72c6678b20bf4c8f865fc84773be9c0c5b680090c6688f1bd94b508"
            ],
            "version": "==1.102.0"
        },
        "aws-cdk.aws-applicationautoscaling": {
            "hashes": [
                "sha256:46ca9c060ee5e8c1e404bf0ec808ae82a55db172a077d64552ddce51ed1537aa",
                "sha256:f279880f7462f1477529b07af536e1de15d0ba1bf260fb193b71e5a549856410"
            ],
            "version": "==1.102.0"
        },
        "aws-cdk.aws-autoscaling-common": {
            "hashes": [
                "sha256:3179aa477e2d3e208af444ba5e4f0f58c1ca57a57b03657bb3ba9415376f3b3b",
                "sha256:5e7b300d506a044bd7b921d426ba2b33b13c749904a5e8cd97ba13c61d337fd6"
            ],
            "version": "==1.102.0"
        },
        "aws-cdk.aws-cloudwatch": {
            "hashes": [
                "sha256:5475b811b4b64c979b0febcf44e284b50f35a058abf6b989596477e0beb69a86",
                "sha256:92e2b39c19af12134c62642b6c1a08be01935dc5075db3dfda71597d6e990a77"
            ],
            "version": "==1.102.0"
        },
        "aws-cdk.aws-codeguruprofiler": {
            "hashes": [
                "sha256:676be3a88bd72700304ea5f82fc4bb5be0563681c4b2d143c6d975f7197a745e",
                "sha256:b420a6bfbe36fbeca2adcf38af7074710baa3c20bff981c16aed7d5b0b130499"
            ],
            "version": "==1.102.0"
        },
        "aws-cdk.aws-ec2": {
            "hashes": [
                "sha256:36ca046aebe6bcadf1246ae3e05995040259d9e8437d9916dda3ae225ab8ded9",
                "sha256:bd3b755189d3eff757c0b5441312a3ed7e5ab4d5bfd8c25e165d377d2eca28cc"
            ],
            "version": "==1.102.0"
        },
        "aws-cdk.aws-ecr": {
            "hashes": [
                "sha256:09e8082ba37220bbeaacb6ac6f66026f4df5fada3cb84d8a9620a7c100496353",
                "sha256:a472f18b88b5e67cabd311033a666e80c6d9672a6c8a3bbfb29a40520a592316"
            ],
            "version": "==1.102.0"
        },
        "aws-cdk.aws-ecr-assets": {
            "hashes": [
                "sha256:67d771a84826cf07ef14d2ade25960db698c3f6c0e535b41d5e0eee2045a0f82",
                "sha256:78140d77259be939b054097859a819fd66c483dfd1d7fec6b49a94e3591e979a"
            ],
            "version": "==1.102.0"
        },
        "aws-cdk.aws-efs": {
            "hashes": [
                "sha256:52ee21eaed9d2fcbc1378b011085648f5614ec41f4000866518670471c78e235",
                "sha256:957ac1e461d218f911739880ff2efb200a18ee751175d6afaf0231429bec80e5"
            ],
            "version": "==1.102.0"
        },
        "aws-cdk.aws-events": {
            "hashes": [
                "sha256:0ce9f36c0c61800e1c3a3f75a5acf527ca351cc9a9f47c723f96868d60e02cc8",
                "sha256:dd0b50eb4aeff8ba7a098bbbc01643c6e1da6d6d161a0b71b6ee630f3d790306"
            ],
            "version": "==1.102.0"
        },
        "aws-cdk.aws-iam": {
            "hashes": [
                "sha256:04bb2f53c00dc738fa9368c4bc3c04668d361dd72f2e0ac57c2adc6f8ddf5fcd",
                "sha256:7f41e5bb6f00062026224add93fdadc8ca946f6761e3134fd02c8d743f90bb78"
            ],
            "index": "pypi",
            "version": "==1.102.0"
        },
        "aws-cdk.aws-kms": {
            "hashes": [
                "sha256:d825a872e646b3ea090c8fd48638c831e5d6fb37251db3f9bbe28c4fba499562",
                "sha256:f2575e10fb1f4ed5896b2d0e8c79e9452de0bbb7e926b13f8684fa0e5fe97bdc"
            ],
            "version": "==1.102.0"
        },
        "aws-cdk.aws-lambda": {
            "hashes": [
                "sha256:12957f6edbcd8a78440e57edd76045583f3076cf9f56cafb72c0bc90d2fa6fdc",
                "sha256:b33671e8e6910b3b87fe910d759f4b71d9e78ccee75e787d9acf823849b79de6"
            ],
            "version": "==1.102.0"
        },
        "aws-cdk.aws-logs": {
            "hashes": [
                "sha256:71d12a67c67c14b16c4f5c6e7514f642404bc15741df5309f872d112349b1493",
                "sha256:95125331f79dff95526fc107ffca3e85c91bdf9ecf0ab02da56379b9a3049196"
            ],
            "version": "==1.102.0"
        },
        "aws-cdk.aws-s3": {
            "hashes": [
                "sha256:4b7160a36e75c0e9d1b3a246fe058bb67a5ac8f7c3cfb3c94e0b855ce7756680",
                "sha256:aee208e4a4d119be1377621006adb2c7781d60546cda293fbf41072abec56dfc"
            ],
            "index": "pypi",
            "version": "==1.102.0"
        },
        "aws-cdk.aws-s3-assets": {
            "hashes": [
                "sha256:3358d776f197d86071d654b622c1c724bd180edf9688f04df9277d54b373472b",
                "sha256:d972afecd2771dea9c5c414885f0e5b373a4435838870c7545f3a28fe4042365"
            ],
            "version": "==1.102.0"
        },
        "aws-cdk.aws-signer": {
            "hashes": [
                "sha256:14ffb06a78ca9dcef06ac39aac1acd748d2441b17a52cbcbbc9bace2afc990a6",
                "sha256:a920ddd89b0a758096429885d376cf7bad859ce1572b879013a4ee6d125f3b2c"
            ],
            "version": "==1.102.0"
        },
        "aws-cdk.aws-sns": {
            "hashes": [
                "sha256:ab6c7c9fd1d96b4d81bc1137979ad9e2b07371d8722ab1f9e82441b85aca6bc2",
                "sha256:c2f9d57fc79ccc023b139608d0be0410f2ea91f7051d316ffddfaf3adb390804"
            ],
            "index": "pypi",
            "version": "==1.102.0"
        },
        "aws-cdk.aws-sns-subscriptions": {
            "hashes": [
                "sha256:06eb108e71e3307108393acf30a0c177c35e511365a36dcbeffe77c6d4f14792",
                "sha256:80f7fbcea1f79e27f58daf16cef79e6e1ed968f94eee3b0c59e89a815b82cb8c"
            ],
            "index": "pypi",
            "version": "==1.102.0"
        },
        "aws-cdk.aws-sqs": {
            "hashes": [
                "sha256:9747adc22363c30472fd9f14d9933ef90dbcc4ae0ab923d22b7e19324f3c7993",
                "sha256:a8cecc38d8a9cf92061609ad21d7250a82e2a8bf32b2cec14cc814daf3f7c008"
            ],
            "index": "pypi",
            "version": "==1.102.0"
        },
        "aws-cdk.aws-ssm": {
            "hashes": [
                "sha256:7dd2a64930c8687bb222354f40c26a5b00339e1496a4e3bd9fac23a24135424f",
                "sha256:eb5a63b86cc0f095b004f5a97aef0a5233f58a63eac0de8513fb5c0a041532d3"
            ],
            "version": "==1.102.0"
        },
        "aws-cdk.cloud-assembly-schema": {
            "hashes": [
                "sha256:2aefd0c3c674d6f2df0bbab7da9d45fafbbbacc7d8552e2af20baa01803224f7",
                "sha256:93a6755fab113afc562ab7db5ab9341581cc53e7c706595ce5bcb7821057a0bf"
            ],
            "version": "==1.102.0"
        },
        "aws-cdk.core": {
            "hashes": [
                "sha256:80b718b999635e5323e61d0be2897a6dd4a19ed8e3fb1171b17193f2dce6e994",
                "sha256:bc8f2711895f6e698da47fcdc86ed2049436250bd762651f38c65d845261a0a2"
            ],
            "index": "pypi",
            "version": "==1.102.0"
        },
        "aws-cdk.cx-api": {
            "hashes": [
                "sha256:0b49e0605b49620707442f3ea1b615764b18ed281f645ad9d97584df4e80a681",
                "sha256:150f01f2117790e8934d362ff85abb23232b1a2849a819ed0605c99e927404d6"
            ],
            "version": "==1.102.0"
        },
        "aws-cdk.region-info": {
            "hashes": [
                "sha256:126ec8846321723eea33fa90a5054fd7999aff3bff5eaf29c94991e06c1471b3",
                "sha256:749ce0e17f4aeecca71a1e7f73d3469184af55bced4f17bd4f85b5f6e32ee177"
            ],
            "version": "==1.102.0"
        },
        "cattrs": {
            "hashes": [
                "sha256:277d12740b45e46318b41c3b2e4a3bc067a7b9971cf61f0e96497598ad83f282",
                "sha256:a6233d0ce33d48ac71ef818f8e0b9309a89496b359994c4dfe9ad211c1f6d0a3"
            ],
            "markers": "python_version >= '3.7'",
            "version": "==1.5.0"
        },
        "constructs": {
            "hashes": [
                "sha256:24f9c40a54e66eba22f8e020d7b8efa2f7df415219225f934f217c575afdd8c9",
                "sha256:a4ebf536b74a805bb9277d507c6d355f8b8421ced7879d2186b6464c53fe9496"
            ],
            "version": "==3.3.75"
        },
        "jsii": {
            "hashes": [
                "sha256:76d1f7b4aeec8f59356494f1ed253f5ce1094eeaa46b15232564e4c07c0e1fb5",
                "sha256:d3611f0cc4626ceb26ff55e6fe9ad5dae7a351709ed9c4f12f3bd8065b4c9809"
            ],
            "version": "==1.29.0"
        },
        "publication": {
            "hashes": [
                "sha256:0248885351febc11d8a1098d5c8e3ab2dabcf3e8c0c96db1e17ecd12b53afbe6",
                "sha256:68416a0de76dddcdd2930d1c8ef853a743cc96c82416c4e4d3b5d901c6276dc4"
            ],
            "version": "==0.0.3"
        },
        "python-dateutil": {
            "hashes": [
                "sha256:73ebfe9dbf22e832286dafa60473e4cd239f8592f699aa5adaf10050e6e1823c",
                "sha256:75bb3f31ea686f1197762692a9ee6a7550b59fc6ca3a1f4b5d7e32fb98e2da2a"
            ],
            "version": "==2.8.1"
        },
        "six": {
            "hashes": [
                "sha256:1e61c37477a1626458e36f7b1d82aa5c9b094fa4802892072e49de9c60c4c926",
                "sha256:8abb2f1d86890a2dfb989f9a77cfcfd3e47c2a354b01111771326f8aa26e0254"
            ],
            "version": "==1.16.0"
        },
        "typing-extensions": {
            "hashes": [
                "sha256:0ac0f89795dd19de6b97debb0c6af1c70987fd80a2d62d1958f7e56fcc31b497",
                "sha256:50b6f157849174217d0656f99dc82fe932884fb250826c18350e159ec6cdf342",
                "sha256:779383f6086d90c99ae41cf0ff39aac8a7937a9283ce0a414e5dd782f4c94a84"
            ],
            "version": "==3.10.0.0"
        }
    }
}
